
Microsoft Visual Studio Solution File, Format Version 12.00
Project("{FAE04EC0-301F-11D3-BF4B-00C04F79EFBC}") = "BotControlPanel.App", "BotControlPanel.App\BotControlPanel.App.csproj", "{5248F13E-7BC8-4C8D-8174-8FE59B0B3681}"
EndProject
Global
	GlobalSection(SolutionConfigurationPlatforms) = preSolution
		Debug|Any CPU = Debug|Any CPU
		Release|Any CPU = Release|Any CPU
	EndGlobalSection
	GlobalSection(ProjectConfigurationPlatforms) = postSolution
		{5248F13E-7BC8-4C8D-8174-8FE59B0B3681}.Debug|Any CPU.ActiveCfg = Debug|Any CPU
		{5248F13E-7BC8-4C8D-8174-8FE59B0B3681}.Debug|Any CPU.Build.0 = Debug|Any CPU
		{5248F13E-7BC8-4C8D-8174-8FE59B0B3681}.Release|Any CPU.ActiveCfg = Release|Any CPU
		{5248F13E-7BC8-4C8D-8174-8FE59B0B3681}.Release|Any CPU.Build.0 = Release|Any CPU
	EndGlobalSection
EndGlobal
